
Microsoft Visual Studio Solution File, Format Version 12.00
Project("{FAE04EC0-301F-11D3-BF4B-00C04F79EFBC}") = "RazorPageProect.Web", "RazorPageProect.Web\RazorPageProect.Web.csproj", "{B2C3A15A-972A-4094-B9F1-859252CE5E7E}"
EndProject
Global
	GlobalSection(SolutionConfigurationPlatforms) = preSolution
		Debug|Any CPU = Debug|Any CPU
		Release|Any CPU = Release|Any CPU
	EndGlobalSection
	GlobalSection(ProjectConfigurationPlatforms) = postSolution
		{B2C3A15A-972A-4094-B9F1-859252CE5E7E}.Debug|Any CPU.ActiveCfg = Debug|Any CPU
		{B2C3A15A-972A-4094-B9F1-859252CE5E7E}.Debug|Any CPU.Build.0 = Debug|Any CPU
		{B2C3A15A-972A-4094-B9F1-859252CE5E7E}.Release|Any CPU.ActiveCfg = Release|Any CPU
		{B2C3A15A-972A-4094-B9F1-859252CE5E7E}.Release|Any CPU.Build.0 = Release|Any CPU
	EndGlobalSection
EndGlobal
